// !$*UTF8*$!
{
	archiveVersion = 1;
	classes = {
	};
	objectVersion = 50;
	objects = {

/* Begin PBXBuildFile section */
		6E5047282444C8C100C3790C /* LocationsVC.swift in Sources */ = {isa = PBXBuildFile; fileRef = 6E5047272444C8C100C3790C /* LocationsVC.swift */; };
		6E50472A2444C9CA00C3790C /* LocationCell.swift in Sources */ = {isa = PBXBuildFile; fileRef = 6E5047292444C9CA00C3790C /* LocationCell.swift */; };
		6E8128E12441C78E00D8C0F4 /* AppDelegate.swift in Sources */ = {isa = PBXBuildFile; fileRef = 6E8128E02441C78E00D8C0F4 /* AppDelegate.swift */; };
		6E8128E32441C78E00D8C0F4 /* SceneDelegate.swift in Sources */ = {isa = PBXBuildFile; fileRef = 6E8128E22441C78E00D8C0F4 /* SceneDelegate.swift */; };
		6E8128E52441C78E00D8C0F4 /* CurrentLocationVC.swift in Sources */ = {isa = PBXBuildFile; fileRef = 6E8128E42441C78E00D8C0F4 /* CurrentLocationVC.swift */; };
		6E8128E82441C78E00D8C0F4 /* Main.storyboard in Resources */ = {isa = PBXBuildFile; fileRef = 6E8128E62441C78E00D8C0F4 /* Main.storyboard */; };
		6E8128EA2441C78F00D8C0F4 /* Assets.xcassets in Resources */ = {isa = PBXBuildFile; fileRef = 6E8128E92441C78F00D8C0F4 /* Assets.xcassets */; };
		6E8128ED2441C78F00D8C0F4 /* LaunchScreen.storyboard in Resources */ = {isa = PBXBuildFile; fileRef = 6E8128EB2441C78F00D8C0F4 /* LaunchScreen.storyboard */; };
		6E8128F5244230E400D8C0F4 /* LocationDetailsVC.swift in Sources */ = {isa = PBXBuildFile; fileRef = 6E8128F4244230E400D8C0F4 /* LocationDetailsVC.swift */; };
		6E9A11972442DFD200B9695A /* CategoryPickerVC.swift in Sources */ = {isa = PBXBuildFile; fileRef = 6E9A11962442DFD200B9695A /* CategoryPickerVC.swift */; };
		6E9A119B2442EDAA00B9695A /* HudView.swift in Sources */ = {isa = PBXBuildFile; fileRef = 6E9A119A2442EDAA00B9695A /* HudView.swift */; };
		6E9A119F2443664700B9695A /* Functions.swift in Sources */ = {isa = PBXBuildFile; fileRef = 6E9A119E2443664700B9695A /* Functions.swift */; };
		6E9A11A22443687B00B9695A /* DataModel.xcdatamodeld in Sources */ = {isa = PBXBuildFile; fileRef = 6E9A11A02443687B00B9695A /* DataModel.xcdatamodeld */; };
		6E9A11A524436A9600B9695A /* Location+CoreDataClass.swift in Sources */ = {isa = PBXBuildFile; fileRef = 6E9A11A324436A9600B9695A /* Location+CoreDataClass.swift */; };
		6E9A11A624436A9600B9695A /* Location+CoreDataProperties.swift in Sources */ = {isa = PBXBuildFile; fileRef = 6E9A11A424436A9600B9695A /* Location+CoreDataProperties.swift */; };
/* End PBXBuildFile section */

/* Begin PBXFileReference section */
		6E5047272444C8C100C3790C /* LocationsVC.swift */ = {isa = PBXFileReference; lastKnownFileType = sourcecode.swift; path = LocationsVC.swift; sourceTree = "<group>"; };
		6E5047292444C9CA00C3790C /* LocationCell.swift */ = {isa = PBXFileReference; lastKnownFileType = sourcecode.swift; path = LocationCell.swift; sourceTree = "<group>"; };
		6E8128DD2441C78E00D8C0F4 /* IOSApprenticeLocation.app */ = {isa = PBXFileReference; explicitFileType = wrapper.application; includeInIndex = 0; path = IOSApprenticeLocation.app; sourceTree = BUILT_PRODUCTS_DIR; };
		6E8128E02441C78E00D8C0F4 /* AppDelegate.swift */ = {isa = PBXFileReference; lastKnownFileType = sourcecode.swift; path = AppDelegate.swift; sourceTree = "<group>"; };
		6E8128E22441C78E00D8C0F4 /* SceneDelegate.swift */ = {isa = PBXFileReference; lastKnownFileType = sourcecode.swift; path = SceneDelegate.swift; sourceTree = "<group>"; };
		6E8128E42441C78E00D8C0F4 /* CurrentLocationVC.swift */ = {isa = PBXFileReference; lastKnownFileType = sourcecode.swift; path = CurrentLocationVC.swift; sourceTree = "<group>"; };
		6E8128E72441C78E00D8C0F4 /* Base */ = {isa = PBXFileReference; lastKnownFileType = file.storyboard; name = Base; path = Base.lproj/Main.storyboard; sourceTree = "<group>"; };
		6E8128E92441C78F00D8C0F4 /* Assets.xcassets */ = {isa = PBXFileReference; lastKnownFileType = folder.assetcatalog; path = Assets.xcassets; sourceTree = "<group>"; };
		6E8128EC2441C78F00D8C0F4 /* Base */ = {isa = PBXFileReference; lastKnownFileType = file.storyboard; name = Base; path = Base.lproj/LaunchScreen.storyboard; sourceTree = "<group>"; };
		6E8128EE2441C78F00D8C0F4 /* Info.plist */ = {isa = PBXFileReference; lastKnownFileType = text.plist.xml; path = Info.plist; sourceTree = "<group>"; };
		6E8128F4244230E400D8C0F4 /* LocationDetailsVC.swift */ = {isa = PBXFileReference; lastKnownFileType = sourcecode.swift; path = LocationDetailsVC.swift; sourceTree = "<group>"; };
		6E9A11962442DFD200B9695A /* CategoryPickerVC.swift */ = {isa = PBXFileReference; lastKnownFileType = sourcecode.swift; path = CategoryPickerVC.swift; sourceTree = "<group>"; };
		6E9A119A2442EDAA00B9695A /* HudView.swift */ = {isa = PBXFileReference; lastKnownFileType = sourcecode.swift; path = HudView.swift; sourceTree = "<group>"; };
		6E9A119E2443664700B9695A /* Functions.swift */ = {isa = PBXFileReference; lastKnownFileType = sourcecode.swift; path = Functions.swift; sourceTree = "<group>"; };
		6E9A11A12443687B00B9695A /* DataModel.xcdatamodel */ = {isa = PBXFileReference; lastKnownFileType = wrapper.xcdatamodel; path = DataModel.xcdatamodel; sourceTree = "<group>"; };
		6E9A11A324436A9600B9695A /* Location+CoreDataClass.swift */ = {isa = PBXFileReference; lastKnownFileType = sourcecode.swift; path = "Location+CoreDataClass.swift"; sourceTree = "<group>"; };
		6E9A11A424436A9600B9695A /* Location+CoreDataProperties.swift */ = {isa = PBXFileReference; lastKnownFileType = sourcecode.swift; path = "Location+CoreDataProperties.swift"; sourceTree = "<group>"; };
/* End PBXFileReference section */

/* Begin PBXFrameworksBuildPhase section */
		6E8128DA2441C78E00D8C0F4 /* Frameworks */ = {
			isa = PBXFrameworksBuildPhase;
			buildActionMask = 2147483647;
			files = (
			);
			runOnlyForDeploymentPostprocessing = 0;
		};
/* End PBXFrameworksBuildPhase section */

/* Begin PBXGroup section */
		6E8128D42441C78E00D8C0F4 = {
			isa = PBXGroup;
			children = (
				6E9A11A324436A9600B9695A /* Location+CoreDataClass.swift */,
				6E9A11A424436A9600B9695A /* Location+CoreDataProperties.swift */,
				6E8128DF2441C78E00D8C0F4 /* IOSApprenticeLocation */,
				6E8128DE2441C78E00D8C0F4 /* Products */,
			);
			sourceTree = "<group>";
		};
		6E8128DE2441C78E00D8C0F4 /* Products */ = {
			isa = PBXGroup;
			children = (
				6E8128DD2441C78E00D8C0F4 /* IOSApprenticeLocation.app */,
			);
			name = Products;
			sourceTree = "<group>";
		};
		6E8128DF2441C78E00D8C0F4 /* IOSApprenticeLocation */ = {
			isa = PBXGroup;
			children = (
				6E8128E02441C78E00D8C0F4 /* AppDelegate.swift */,
				6E8128E22441C78E00D8C0F4 /* SceneDelegate.swift */,
				6E8128E42441C78E00D8C0F4 /* CurrentLocationVC.swift */,
				6E8128E62441C78E00D8C0F4 /* Main.storyboard */,
				6E8128E92441C78F00D8C0F4 /* Assets.xcassets */,
				6E8128EB2441C78F00D8C0F4 /* LaunchScreen.storyboard */,
				6E8128EE2441C78F00D8C0F4 /* Info.plist */,
				6E8128F4244230E400D8C0F4 /* LocationDetailsVC.swift */,
				6E9A11962442DFD200B9695A /* CategoryPickerVC.swift */,
				6E9A119A2442EDAA00B9695A /* HudView.swift */,
				6E9A119E2443664700B9695A /* Functions.swift */,
				6E9A11A02443687B00B9695A /* DataModel.xcdatamodeld */,
				6E5047272444C8C100C3790C /* LocationsVC.swift */,
				6E5047292444C9CA00C3790C /* LocationCell.swift */,
			);
			path = IOSApprenticeLocation;
			sourceTree = "<group>";
		};
/* End PBXGroup section */

/* Begin PBXNativeTarget section */
		6E8128DC2441C78E00D8C0F4 /* IOSApprenticeLocation */ = {
			isa = PBXNativeTarget;
			buildConfigurationList = 6E8128F12441C78F00D8C0F4 /* Build configuration list for PBXNativeTarget "IOSApprenticeLocation" */;
			buildPhases = (
				6E8128D92441C78E00D8C0F4 /* Sources */,
				6E8128DA2441C78E00D8C0F4 /* Frameworks */,
				6E8128DB2441C78E00D8C0F4 /* Resources */,
			);
			buildRules = (
			);
			dependencies = (
			);
			name = IOSApprenticeLocation;
			productName = IOSApprenticeLocation;
			productReference = 6E8128DD2441C78E00D8C0F4 /* IOSApprenticeLocation.app */;
			productType = "com.apple.product-type.application";
		};
/* End PBXNativeTarget section */

/* Begin PBXProject section */
		6E8128D52441C78E00D8C0F4 /* Project object */ = {
			isa = PBXProject;
			attributes = {
				LastSwiftUpdateCheck = 1130;
				LastUpgradeCheck = 1130;
				ORGANIZATIONNAME = "Thien Tran";
				TargetAttributes = {
					6E8128DC2441C78E00D8C0F4 = {
						CreatedOnToolsVersion = 11.3.1;
					};
				};
			};
			buildConfigurationList = 6E8128D82441C78E00D8C0F4 /* Build configuration list for PBXProject "IOSApprenticeLocation" */;
			compatibilityVersion = "Xcode 9.3";
			developmentRegion = en;
			hasScannedForEncodings = 0;
			knownRegions = (
				en,
				Base,
			);
			mainGroup = 6E8128D42441C78E00D8C0F4;
			productRefGroup = 6E8128DE2441C78E00D8C0F4 /* Products */;
			projectDirPath = "";
			projectRoot = "";
			targets = (
				6E8128DC2441C78E00D8C0F4 /* IOSApprenticeLocation */,
			);
		};
/* End PBXProject section */

/* Begin PBXResourcesBuildPhase section */
		6E8128DB2441C78E00D8C0F4 /* Resources */ = {
			isa = PBXResourcesBuildPhase;
			buildActionMask = 2147483647;
			files = (
				6E8128ED2441C78F00D8C0F4 /* LaunchScreen.storyboard in Resources */,
				6E8128EA2441C78F00D8C0F4 /* Assets.xcassets in Resources */,
				6E8128E82441C78E00D8C0F4 /* Main.storyboard in Resources */,
			);
			runOnlyForDeploymentPostprocessing = 0;
		};
/* End PBXResourcesBuildPhase section */

/* Begin PBXSourcesBuildPhase section */
		6E8128D92441C78E00D8C0F4 /* Sources */ = {
			isa = PBXSourcesBuildPhase;
			buildActionMask = 2147483647;
			files = (
				6E8128E52441C78E00D8C0F4 /* CurrentLocationVC.swift in Sources */,
				6E9A11A22443687B00B9695A /* DataModel.xcdatamodeld in Sources */,
				6E8128E12441C78E00D8C0F4 /* AppDelegate.swift in Sources */,
				6E9A119B2442EDAA00B9695A /* HudView.swift in Sources */,
				6E9A11A624436A9600B9695A /* Location+CoreDataProperties.swift in Sources */,
				6E9A119F2443664700B9695A /* Functions.swift in Sources */,
				6E50472A2444C9CA00C3790C /* LocationCell.swift in Sources */,
				6E8128F5244230E400D8C0F4 /* LocationDetailsVC.swift in Sources */,
				6E9A11A524436A9600B9695A /* Location+CoreDataClass.swift in Sources */,
				6E8128E32441C78E00D8C0F4 /* SceneDelegate.swift in Sources */,
				6E9A11972442DFD200B9695A /* CategoryPickerVC.swift in Sources */,
				6E5047282444C8C100C3790C /* LocationsVC.swift in Sources */,
			);
			runOnlyForDeploymentPostprocessing = 0;
		};
/* End PBXSourcesBuildPhase section */

/* Begin PBXVariantGroup section */
		6E8128E62441C78E00D8C0F4 /* Main.storyboard */ = {
			isa = PBXVariantGroup;
			children = (
				6E8128E72441C78E00D8C0F4 /* Base */,
			);
			name = Main.storyboard;
			sourceTree = "<group>";
		};
		6E8128EB2441C78F00D8C0F4 /* LaunchScreen.storyboard */ = {
			isa = PBXVariantGroup;
			children = (
				6E8128EC2441C78F00D8C0F4 /* Base */,
			);
			name = LaunchScreen.storyboard;
			sourceTree = "<group>";
		};
/* End PBXVariantGroup section */

/* Begin XCBuildConfiguration section */
		6E8128EF2441C78F00D8C0F4 /* Debug */ = {
			isa = XCBuildConfiguration;
			buildSettings = {
				ALWAYS_SEARCH_USER_PATHS = NO;
				CLANG_ANALYZER_NONNULL = YES;
				CLANG_ANALYZER_NUMBER_OBJECT_CONVERSION = YES_AGGRESSIVE;
				CLANG_CXX_LANGUAGE_STANDARD = "gnu++14";
				CLANG_CXX_LIBRARY = "libc++";
				CLANG_ENABLE_MODULES = YES;
				CLANG_ENABLE_OBJC_ARC = YES;
				CLANG_ENABLE_OBJC_WEAK = YES;
				CLANG_WARN_BLOCK_CAPTURE_AUTORELEASING = YES;
				CLANG_WARN_BOOL_CONVERSION = YES;
				CLANG_WARN_COMMA = YES;
				CLANG_WARN_CONSTANT_CONVERSION = YES;
				CLANG_WARN_DEPRECATED_OBJC_IMPLEMENTATIONS = YES;
				CLANG_WARN_DIRECT_OBJC_ISA_USAGE = YES_ERROR;
				CLANG_WARN_DOCUMENTATION_COMMENTS = YES;
				CLANG_WARN_EMPTY_BODY = YES;
				CLANG_WARN_ENUM_CONVERSION = YES;
				CLANG_WARN_INFINITE_RECURSION = YES;
				CLANG_WARN_INT_CONVERSION = YES;
				CLANG_WARN_NON_LITERAL_NULL_CONVERSION = YES;
				CLANG_WARN_OBJC_IMPLICIT_RETAIN_SELF = YES;
				CLANG_WARN_OBJC_LITERAL_CONVERSION = YES;
				CLANG_WARN_OBJC_ROOT_CLASS = YES_ERROR;
				CLANG_WARN_RANGE_LOOP_ANALYSIS = YES;
				CLANG_WARN_STRICT_PROTOTYPES = YES;
				CLANG_WARN_SUSPICIOUS_MOVE = YES;
				CLANG_WARN_UNGUARDED_AVAILABILITY = YES_AGGRESSIVE;
				CLANG_WARN_UNREACHABLE_CODE = YES;
				CLANG_WARN__DUPLICATE_METHOD_MATCH = YES;
				COPY_PHASE_STRIP = NO;
				DEBUG_INFORMATION_FORMAT = dwarf;
				ENABLE_STRICT_OBJC_MSGSEND = YES;
				ENABLE_TESTABILITY = YES;
				GCC_C_LANGUAGE_STANDARD = gnu11;
				GCC_DYNAMIC_NO_PIC = NO;
				GCC_NO_COMMON_BLOCKS = YES;
				GCC_OPTIMIZATION_LEVEL = 0;
				GCC_PREPROCESSOR_DEFINITIONS = (
					"DEBUG=1",
					"$(inherited)",
				);
				GCC_WARN_64_TO_32_BIT_CONVERSION = YES;
				GCC_WARN_ABOUT_RETURN_TYPE = YES_ERROR;
				GCC_WARN_UNDECLARED_SELECTOR = YES;
				GCC_WARN_UNINITIALIZED_AUTOS = YES_AGGRESSIVE;
				GCC_WARN_UNUSED_FUNCTION = YES;
				GCC_WARN_UNUSED_VARIABLE = YES;
				IPHONEOS_DEPLOYMENT_TARGET = 13.2;
				MTL_ENABLE_DEBUG_INFO = INCLUDE_SOURCE;
				MTL_FAST_MATH = YES;
				ONLY_ACTIVE_ARCH = YES;
				SDKROOT = iphoneos;
				SWIFT_ACTIVE_COMPILATION_CONDITIONS = DEBUG;
				SWIFT_OPTIMIZATION_LEVEL = "-Onone";
			};
			name = Debug;
		};
		6E8128F02441C78F00D8C0F4 /* Release */ = {
			isa = XCBuildConfiguration;
			buildSettings = {
				ALWAYS_SEARCH_USER_PATHS = NO;
				CLANG_ANALYZER_NONNULL = YES;
				CLANG_ANALYZER_NUMBER_OBJECT_CONVERSION = YES_AGGRESSIVE;
				CLANG_CXX_LANGUAGE_STANDARD = "gnu++14";
				CLANG_CXX_LIBRARY = "libc++";
				CLANG_ENABLE_MODULES = YES;
				CLANG_ENABLE_OBJC_ARC = YES;
				CLANG_ENABLE_OBJC_WEAK = YES;
				CLANG_WARN_BLOCK_CAPTURE_AUTORELEASING = YES;
				CLANG_WARN_BOOL_CONVERSION = YES;
				CLANG_WARN_COMMA = YES;
				CLANG_WARN_CONSTANT_CONVERSION = YES;
				CLANG_WARN_DEPRECATED_OBJC_IMPLEMENTATIONS = YES;
				CLANG_WARN_DIRECT_OBJC_ISA_USAGE = YES_ERROR;
				CLANG_WARN_DOCUMENTATION_COMMENTS = YES;
				CLANG_WARN_EMPTY_BODY = YES;
				CLANG_WARN_ENUM_CONVERSION = YES;
				CLANG_WARN_INFINITE_RECURSION = YES;
				CLANG_WARN_INT_CONVERSION = YES;
				CLANG_WARN_NON_LITERAL_NULL_CONVERSION = YES;
				CLANG_WARN_OBJC_IMPLICIT_RETAIN_SELF = YES;
				CLANG_WARN_OBJC_LITERAL_CONVERSION = YES;
				CLANG_WARN_OBJC_ROOT_CLASS = YES_ERROR;
				CLANG_WARN_RANGE_LOOP_ANALYSIS = YES;
				CLANG_WARN_STRICT_PROTOTYPES = YES;
				CLANG_WARN_SUSPICIOUS_MOVE = YES;
				CLANG_WARN_UNGUARDED_AVAILABILITY = YES_AGGRESSIVE;
				CLANG_WARN_UNREACHABLE_CODE = YES;
				CLANG_WARN__DUPLICATE_METHOD_MATCH = YES;
				COPY_PHASE_STRIP = NO;
				DEBUG_INFORMATION_FORMAT = "dwarf-with-dsym";
				ENABLE_NS_ASSERTIONS = NO;
				ENABLE_STRICT_OBJC_MSGSEND = YES;
				GCC_C_LANGUAGE_STANDARD = gnu11;
				GCC_NO_COMMON_BLOCKS = YES;
				GCC_WARN_64_TO_32_BIT_CONVERSION = YES;
				GCC_WARN_ABOUT_RETURN_TYPE = YES_ERROR;
				GCC_WARN_UNDECLARED_SELECTOR = YES;
				GCC_WARN_UNINITIALIZED_AUTOS = YES_AGGRESSIVE;
				GCC_WARN_UNUSED_FUNCTION = YES;
				GCC_WARN_UNUSED_VARIABLE = YES;
				IPHONEOS_DEPLOYMENT_TARGET = 13.2;
				MTL_ENABLE_DEBUG_INFO = NO;
				MTL_FAST_MATH = YES;
				SDKROOT = iphoneos;
				SWIFT_COMPILATION_MODE = wholemodule;
				SWIFT_OPTIMIZATION_LEVEL = "-O";
				VALIDATE_PRODUCT = YES;
			};
			name = Release;
		};
		6E8128F22441C78F00D8C0F4 /* Debug */ = {
			isa = XCBuildConfiguration;
			buildSettings = {
				ASSETCATALOG_COMPILER_APPICON_NAME = AppIcon;
				CODE_SIGN_STYLE = Automatic;
				INFOPLIST_FILE = IOSApprenticeLocation/Info.plist;
				LD_RUNPATH_SEARCH_PATHS = (
					"$(inherited)",
					"@executable_path/Frameworks",
				);
				PRODUCT_BUNDLE_IDENTIFIER = trquthdev.IOSApprenticeLocation;
				PRODUCT_NAME = "$(TARGET_NAME)";
				SWIFT_VERSION = 5.0;
				TARGETED_DEVICE_FAMILY = "1,2";
			};
			name = Debug;
		};
		6E8128F32441C78F00D8C0F4 /* Release */ = {
			isa = XCBuildConfiguration;
			buildSettings = {
				ASSETCATALOG_COMPILER_APPICON_NAME = AppIcon;
				CODE_SIGN_STYLE = Automatic;
				INFOPLIST_FILE = IOSApprenticeLocation/Info.plist;
				LD_RUNPATH_SEARCH_PATHS = (
					"$(inherited)",
					"@executable_path/Frameworks",
				);
				PRODUCT_BUNDLE_IDENTIFIER = trquthdev.IOSApprenticeLocation;
				PRODUCT_NAME = "$(TARGET_NAME)";
				SWIFT_VERSION = 5.0;
				TARGETED_DEVICE_FAMILY = "1,2";
			};
			name = Release;
		};
/* End XCBuildConfiguration section */

/* Begin XCConfigurationList section */
		6E8128D82441C78E00D8C0F4 /* Build configuration list for PBXProject "IOSApprenticeLocation" */ = {
			isa = XCConfigurationList;
			buildConfigurations = (
				6E8128EF2441C78F00D8C0F4 /* Debug */,
				6E8128F02441C78F00D8C0F4 /* Release */,
			);
			defaultConfigurationIsVisible = 0;
			defaultConfigurationName = Release;
		};
		6E8128F12441C78F00D8C0F4 /* Build configuration list for PBXNativeTarget "IOSApprenticeLocation" */ = {
			isa = XCConfigurationList;
			buildConfigurations = (
				6E8128F22441C78F00D8C0F4 /* Debug */,
				6E8128F32441C78F00D8C0F4 /* Release */,
			);
			defaultConfigurationIsVisible = 0;
			defaultConfigurationName = Release;
		};
/* End XCConfigurationList section */

/* Begin XCVersionGroup section */
		6E9A11A02443687B00B9695A /* DataModel.xcdatamodeld */ = {
			isa = XCVersionGroup;
			children = (
				6E9A11A12443687B00B9695A /* DataModel.xcdatamodel */,
			);
			currentVersion = 6E9A11A12443687B00B9695A /* DataModel.xcdatamodel */;
			path = DataModel.xcdatamodeld;
			sourceTree = "<group>";
			versionGroupType = wrapper.xcdatamodel;
		};
/* End XCVersionGroup section */
	};
	rootObject = 6E8128D52441C78E00D8C0F4 /* Project object */;
}
